
Microsoft Visual Studio Solution File, Format Version 12.00
# Visual Studio Version 17
VisualStudioVersion = 17.12.35527.113
MinimumVisualStudioVersion = 10.0.40219.1
Project("{FAE04EC0-301F-11D3-BF4B-00C04F79EFBC}") = "HemoVida.API", "HemoVida.API\HemoVida.API.csproj", "{EBF0CBE3-B32B-4308-8632-6C93209BA6DB}"
EndProject
Project("{FAE04EC0-301F-11D3-BF4B-00C04F79EFBC}") = "HemoVida.Core", "HemoVida.Core\HemoVida.Core.csproj", "{84BFE06C-E1BC-4295-8F32-A996DD8A74DC}"
EndProject
Project("{FAE04EC0-301F-11D3-BF4B-00C04F79EFBC}") = "HemoVida.Infrastructure", "HemoVida.Infrastructure\HemoVida.Infrastructure.csproj", "{CB195BF0-7E22-4194-A112-7CE5159F7DEE}"
EndProject
Project("{FAE04EC0-301F-11D3-BF4B-00C04F79EFBC}") = "HemoVida.Application", "HemoVida.Application\HemoVida.Application.csproj", "{09D3CA29-95E9-4703-A15A-28B50271B90D}"
EndProject
Project("{E53339B2-1760-4266-BCC7-CA923CBCF16C}") = "docker-compose", "docker-compose.dcproj", "{966FDD36-3F81-462D-9E80-C3190F478CA4}"
EndProject
Project("{FAE04EC0-301F-11D3-BF4B-00C04F79EFBC}") = "HemoVida.Test", "HemoVida.Test\HemoVida.Test.csproj", "{F8252D56-5835-45BE-BD0D-1538874F56BC}"
EndProject
Global
	GlobalSection(SolutionConfigurationPlatforms) = preSolution
		Debug|Any CPU = Debug|Any CPU
		Release|Any CPU = Release|Any CPU
	EndGlobalSection
	GlobalSection(ProjectConfigurationPlatforms) = postSolution
		{EBF0CBE3-B32B-4308-8632-6C93209BA6DB}.Debug|Any CPU.ActiveCfg = Debug|Any CPU
		{EBF0CBE3-B32B-4308-8632-6C93209BA6DB}.Debug|Any CPU.Build.0 = Debug|Any CPU
		{EBF0CBE3-B32B-4308-8632-6C93209BA6DB}.Release|Any CPU.ActiveCfg = Release|Any CPU
		{EBF0CBE3-B32B-4308-8632-6C93209BA6DB}.Release|Any CPU.Build.0 = Release|Any CPU
		{84BFE06C-E1BC-4295-8F32-A996DD8A74DC}.Debug|Any CPU.ActiveCfg = Debug|Any CPU
		{84BFE06C-E1BC-4295-8F32-A996DD8A74DC}.Debug|Any CPU.Build.0 = Debug|Any CPU
		{84BFE06C-E1BC-4295-8F32-A996DD8A74DC}.Release|Any CPU.ActiveCfg = Release|Any CPU
		{84BFE06C-E1BC-4295-8F32-A996DD8A74DC}.Release|Any CPU.Build.0 = Release|Any CPU
		{CB195BF0-7E22-4194-A112-7CE5159F7DEE}.Debug|Any CPU.ActiveCfg = Debug|Any CPU
		{CB195BF0-7E22-4194-A112-7CE5159F7DEE}.Debug|Any CPU.Build.0 = Debug|Any CPU
		{CB195BF0-7E22-4194-A112-7CE5159F7DEE}.Release|Any CPU.ActiveCfg = Release|Any CPU
		{CB195BF0-7E22-4194-A112-7CE5159F7DEE}.Release|Any CPU.Build.0 = Release|Any CPU
		{09D3CA29-95E9-4703-A15A-28B50271B90D}.Debug|Any CPU.ActiveCfg = Debug|Any CPU
		{09D3CA29-95E9-4703-A15A-28B50271B90D}.Debug|Any CPU.Build.0 = Debug|Any CPU
		{09D3CA29-95E9-4703-A15A-28B50271B90D}.Release|Any CPU.ActiveCfg = Release|Any CPU
		{09D3CA29-95E9-4703-A15A-28B50271B90D}.Release|Any CPU.Build.0 = Release|Any CPU
		{966FDD36-3F81-462D-9E80-C3190F478CA4}.Debug|Any CPU.ActiveCfg = Debug|Any CPU
		{966FDD36-3F81-462D-9E80-C3190F478CA4}.Debug|Any CPU.Build.0 = Debug|Any CPU
		{966FDD36-3F81-462D-9E80-C3190F478CA4}.Release|Any CPU.ActiveCfg = Release|Any CPU
		{966FDD36-3F81-462D-9E80-C3190F478CA4}.Release|Any CPU.Build.0 = Release|Any CPU
		{F8252D56-5835-45BE-BD0D-1538874F56BC}.Debug|Any CPU.ActiveCfg = Debug|Any CPU
		{F8252D56-5835-45BE-BD0D-1538874F56BC}.Debug|Any CPU.Build.0 = Debug|Any CPU
		{F8252D56-5835-45BE-BD0D-1538874F56BC}.Release|Any CPU.ActiveCfg = Release|Any CPU
		{F8252D56-5835-45BE-BD0D-1538874F56BC}.Release|Any CPU.Build.0 = Release|Any CPU
	EndGlobalSection
	GlobalSection(SolutionProperties) = preSolution
		HideSolutionNode = FALSE
	EndGlobalSection
EndGlobal
